
Microsoft Visual Studio Solution File, Format Version 12.00
# Visual Studio 14
VisualStudioVersion = 14.0.25420.1
MinimumVisualStudioVersion = 10.0.40219.1
Project("{FAE04EC0-301F-11D3-BF4B-00C04F79EFBC}") = "Nicacio.Relatorio.ITextSharp.Web", "Nicacio.Relatorio.ITextSharp.Web\Nicacio.Relatorio.ITextSharp.Web.csproj", "{84803C7D-15FD-4BDD-AD0C-F3A87898B210}"
EndProject
Project("{FAE04EC0-301F-11D3-BF4B-00C04F79EFBC}") = "Nicacio.Relatorio.Design.Report", "Nicacio.Relatorio.Design\Nicacio.Relatorio.Design.Report.csproj", "{58EBEB1C-2C72-481F-86B9-8415AB6FED6D}"
EndProject
Project("{FAE04EC0-301F-11D3-BF4B-00C04F79EFBC}") = "Nicacio.Relatorio.Model", "Nicacio.Relatorio.Model\Nicacio.Relatorio.Model.csproj", "{A539848B-4A1F-42FC-A6E8-A8C746B6A7C9}"
EndProject
Project("{FAE04EC0-301F-11D3-BF4B-00C04F79EFBC}") = "Nicacio.Relatorio.Extensions", "Nicacio.Relatorio.Extensions\Nicacio.Relatorio.Extensions.csproj", "{454ED847-4D40-464D-B3AF-08A898FDEDA7}"
EndProject
Global
	GlobalSection(SolutionConfigurationPlatforms) = preSolution
		Debug|Any CPU = Debug|Any CPU
		Release|Any CPU = Release|Any CPU
	EndGlobalSection
	GlobalSection(ProjectConfigurationPlatforms) = postSolution
		{84803C7D-15FD-4BDD-AD0C-F3A87898B210}.Debug|Any CPU.ActiveCfg = Debug|Any CPU
		{84803C7D-15FD-4BDD-AD0C-F3A87898B210}.Debug|Any CPU.Build.0 = Debug|Any CPU
		{84803C7D-15FD-4BDD-AD0C-F3A87898B210}.Release|Any CPU.ActiveCfg = Release|Any CPU
		{84803C7D-15FD-4BDD-AD0C-F3A87898B210}.Release|Any CPU.Build.0 = Release|Any CPU
		{58EBEB1C-2C72-481F-86B9-8415AB6FED6D}.Debug|Any CPU.ActiveCfg = Debug|Any CPU
		{58EBEB1C-2C72-481F-86B9-8415AB6FED6D}.Debug|Any CPU.Build.0 = Debug|Any CPU
		{58EBEB1C-2C72-481F-86B9-8415AB6FED6D}.Release|Any CPU.ActiveCfg = Release|Any CPU
		{58EBEB1C-2C72-481F-86B9-8415AB6FED6D}.Release|Any CPU.Build.0 = Release|Any CPU
		{A539848B-4A1F-42FC-A6E8-A8C746B6A7C9}.Debug|Any CPU.ActiveCfg = Debug|Any CPU
		{A539848B-4A1F-42FC-A6E8-A8C746B6A7C9}.Debug|Any CPU.Build.0 = Debug|Any CPU
		{A539848B-4A1F-42FC-A6E8-A8C746B6A7C9}.Release|Any CPU.ActiveCfg = Release|Any CPU
		{A539848B-4A1F-42FC-A6E8-A8C746B6A7C9}.Release|Any CPU.Build.0 = Release|Any CPU
		{454ED847-4D40-464D-B3AF-08A898FDEDA7}.Debug|Any CPU.ActiveCfg = Debug|Any CPU
		{454ED847-4D40-464D-B3AF-08A898FDEDA7}.Debug|Any CPU.Build.0 = Debug|Any CPU
		{454ED847-4D40-464D-B3AF-08A898FDEDA7}.Release|Any CPU.ActiveCfg = Release|Any CPU
		{454ED847-4D40-464D-B3AF-08A898FDEDA7}.Release|Any CPU.Build.0 = Release|Any CPU
	EndGlobalSection
	GlobalSection(SolutionProperties) = preSolution
		HideSolutionNode = FALSE
	EndGlobalSection
EndGlobal
